<Solution>
  <Folder Name="/samples/">
    <Project Path="samples/MealPlanner/MealPlanner.csproj" />
  </Folder>
  <Folder Name="/src/" />
  <Project Path="src/Abstractions/Abstractions.csproj" />
  <Folder Name="/src/AGUI/">
    <Project Path="src/AI.AGUI.Hosting/AI.AGUI.Hosting.csproj" />
  </Folder>
  <Folder Name="/src/Auth/">
    <Project Path="src/AI.AGUI.Auth/AI.AGUI.Auth.csproj" />
  </Folder>
  <Folder Name="/src/MCP/">
    <Project Path="src/AI.MCP.Client/AI.MCP.Client.csproj" />
  </Folder>
  <Project Path="src/Microsoft/Microsoft.csproj" />
  <Folder Name="/src/Server/">
    <Project Path="src/AI.AGUI.Server/AI.AGUI.Server.csproj" />
  </Folder>
  <Folder Name="/src/Web/">
    <File Path="src/AI.AGUI.Web/package.json" />
  </Folder>
  <Folder Name="/tests/">
    <Project Path="tests/AI.AGUI.Server.IntegrationTests/AI.AGUI.Server.IntegrationTests.csproj" />
    <Project Path="tests/AI.AGUI.E2ETests/AI.AGUI.E2ETests.csproj" />
    <Project Path="tests/samples/MealPlanner.Chefkoch.Tests/MealPlanner.Chefkoch.Tests.csproj" />
    <Project Path="tests/samples/MealPlanner.E2ETests/MealPlanner.E2ETests.csproj" />
  </Folder>
</Solution>
