<Solution>
  <Project Path="src/Abstractions/Abstractions.csproj" />
  <Project Path="src/AGUI/AGUI.csproj" />
  <Project Path="src/Auth/Auth.csproj" />
  <Project Path="src/MCP/MCP.csproj" />
  <Project Path="src/Microsoft/Microsoft.csproj" />
  <Project Path="src/OAuth/OAuth.csproj" />
  <Project Path="src/Server/Server.csproj" />
  <Folder Name="/tests/">
    <Project Path="tests/AI.Agents.Server.IntegrationTests/AI.Agents.Server.IntegrationTests.csproj" />
    <Project Path="tests/AI.AGUI.E2ETests/AI.AGUI.E2ETests.csproj" />
    <Project Path="tests/samples/MealPlanner.Chefkoch.Tests/MealPlanner.Chefkoch.Tests.csproj" />
    <Project Path="tests/samples/MealPlanner.E2ETests/MealPlanner.E2ETests.csproj" />
  </Folder>
  <Folder Name="/samples/">
    <Project Path="samples/MealPlanner/MealPlanner.csproj" />
  </Folder>
</Solution>
