<Solution>
  <Project Path="src/Abstractions/Abstractions.csproj" />
  <Project Path="src/AGUI/AGUI.csproj" />
  <Project Path="src/MCP/MCP.csproj" />
  <Project Path="src/Microsoft/Microsoft.csproj" />
  <Project Path="src/OAuth/OAuth.csproj" />
  <Project Path="src/Server/Server.csproj" />
  <Folder Name="/tests/">
    <Project Path="tests/Server.Tests/Server.Tests.csproj" />
    <Project Path="tests/E2ETests/E2ETests.csproj" />
    <Project Path="tests/samples/MealPlanner/MealPlanner.Tests.csproj" />
  </Folder>
  <Folder Name="/samples/">
    <Project Path="samples/MealPlanner/MealPlanner.csproj" />
  </Folder>
</Solution>
