<Solution>
  <Folder Name="/src/">
    <Project Path="src/AI.AGUI.Abstractions/AI.AGUI.Abstractions.csproj" />
    <Project Path="src/AI.MAF.Client/AI.MAF.Client.csproj" />
    <Project Path="src/AI.MAF.Tools/AI.MAF.Tools.csproj" />
    <Project Path="src/AI.MCP.Client/AI.MCP.Client.csproj" />
    <Project Path="src/AI.AGUI.Server/AI.AGUI.Server.csproj" />
  </Folder>
  <Folder Name="/tests/">
    <Project Path="tests/AI.AGUI.Server.IntegrationTests/AI.AGUI.Server.IntegrationTests.csproj" />
    <Project Path="tests/AI.AGUI.E2ETests/AI.AGUI.E2ETests.csproj" />
  </Folder>
</Solution>
